
Microsoft Visual Studio Solution File, Format Version 12.00
Project("{FAE04EC0-301F-11D3-BF4B-00C04F79EFBC}") = "BackendWorkshop", "BackendWorkshop\BackendWorkshop.csproj", "{B98C0C40-A6FE-4EE1-907D-9AC17A95E356}"
EndProject
Global
	GlobalSection(SolutionConfigurationPlatforms) = preSolution
		Debug|Any CPU = Debug|Any CPU
		Release|Any CPU = Release|Any CPU
	EndGlobalSection
	GlobalSection(ProjectConfigurationPlatforms) = postSolution
		{B98C0C40-A6FE-4EE1-907D-9AC17A95E356}.Debug|Any CPU.ActiveCfg = Debug|Any CPU
		{B98C0C40-A6FE-4EE1-907D-9AC17A95E356}.Debug|Any CPU.Build.0 = Debug|Any CPU
		{B98C0C40-A6FE-4EE1-907D-9AC17A95E356}.Release|Any CPU.ActiveCfg = Release|Any CPU
		{B98C0C40-A6FE-4EE1-907D-9AC17A95E356}.Release|Any CPU.Build.0 = Release|Any CPU
	EndGlobalSection
EndGlobal
